
Microsoft Visual Studio Solution File, Format Version 12.00
# Visual Studio 15
VisualStudioVersion = 15.0.28307.271
MinimumVisualStudioVersion = 10.0.40219.1
Project("{FAE04EC0-301F-11D3-BF4B-00C04F79EFBC}") = "uri1078", "uri1078\uri1078.csproj", "{7316EB1C-7FBA-4C49-AE55-CB5E6E42C1DB}"
EndProject
Global
	GlobalSection(SolutionConfigurationPlatforms) = preSolution
		Debug|Any CPU = Debug|Any CPU
		Release|Any CPU = Release|Any CPU
	EndGlobalSection
	GlobalSection(ProjectConfigurationPlatforms) = postSolution
		{7316EB1C-7FBA-4C49-AE55-CB5E6E42C1DB}.Debug|Any CPU.ActiveCfg = Debug|Any CPU
		{7316EB1C-7FBA-4C49-AE55-CB5E6E42C1DB}.Debug|Any CPU.Build.0 = Debug|Any CPU
		{7316EB1C-7FBA-4C49-AE55-CB5E6E42C1DB}.Release|Any CPU.ActiveCfg = Release|Any CPU
		{7316EB1C-7FBA-4C49-AE55-CB5E6E42C1DB}.Release|Any CPU.Build.0 = Release|Any CPU
	EndGlobalSection
	GlobalSection(SolutionProperties) = preSolution
		HideSolutionNode = FALSE
	EndGlobalSection
	GlobalSection(ExtensibilityGlobals) = postSolution
		SolutionGuid = {B66C14D3-1AC0-4846-987C-AFDF80807805}
	EndGlobalSection
EndGlobal
