
Microsoft Visual Studio Solution File, Format Version 12.00
# Visual Studio 15
VisualStudioVersion = 15.0.27703.2042
MinimumVisualStudioVersion = 10.0.40219.1
Project("{FAE04EC0-301F-11D3-BF4B-00C04F79EFBC}") = "menorNumerodetres", "menorNumerodetres\menorNumerodetres.csproj", "{BD4EBD91-F2B2-4D79-BB8F-486382B5536E}"
EndProject
Global
	GlobalSection(SolutionConfigurationPlatforms) = preSolution
		Debug|Any CPU = Debug|Any CPU
		Release|Any CPU = Release|Any CPU
	EndGlobalSection
	GlobalSection(ProjectConfigurationPlatforms) = postSolution
		{BD4EBD91-F2B2-4D79-BB8F-486382B5536E}.Debug|Any CPU.ActiveCfg = Debug|Any CPU
		{BD4EBD91-F2B2-4D79-BB8F-486382B5536E}.Debug|Any CPU.Build.0 = Debug|Any CPU
		{BD4EBD91-F2B2-4D79-BB8F-486382B5536E}.Release|Any CPU.ActiveCfg = Release|Any CPU
		{BD4EBD91-F2B2-4D79-BB8F-486382B5536E}.Release|Any CPU.Build.0 = Release|Any CPU
	EndGlobalSection
	GlobalSection(SolutionProperties) = preSolution
		HideSolutionNode = FALSE
	EndGlobalSection
	GlobalSection(ExtensibilityGlobals) = postSolution
		SolutionGuid = {D88FC748-28F7-4FE5-A527-76B00BC40D0C}
	EndGlobalSection
EndGlobal
