
Microsoft Visual Studio Solution File, Format Version 12.00
# Visual Studio 15
VisualStudioVersion = 15.0.27703.2042
MinimumVisualStudioVersion = 10.0.40219.1
Project("{FAE04EC0-301F-11D3-BF4B-00C04F79EFBC}") = "maiornumero", "maiornumero\maiornumero.csproj", "{3443B8E9-115C-41D5-9DBB-FA2369047E17}"
EndProject
Global
	GlobalSection(SolutionConfigurationPlatforms) = preSolution
		Debug|Any CPU = Debug|Any CPU
		Release|Any CPU = Release|Any CPU
	EndGlobalSection
	GlobalSection(ProjectConfigurationPlatforms) = postSolution
		{3443B8E9-115C-41D5-9DBB-FA2369047E17}.Debug|Any CPU.ActiveCfg = Debug|Any CPU
		{3443B8E9-115C-41D5-9DBB-FA2369047E17}.Debug|Any CPU.Build.0 = Debug|Any CPU
		{3443B8E9-115C-41D5-9DBB-FA2369047E17}.Release|Any CPU.ActiveCfg = Release|Any CPU
		{3443B8E9-115C-41D5-9DBB-FA2369047E17}.Release|Any CPU.Build.0 = Release|Any CPU
	EndGlobalSection
	GlobalSection(SolutionProperties) = preSolution
		HideSolutionNode = FALSE
	EndGlobalSection
	GlobalSection(ExtensibilityGlobals) = postSolution
		SolutionGuid = {248B1DAF-0753-4E62-83D4-6450707B8ECE}
	EndGlobalSection
EndGlobal
