
Microsoft Visual Studio Solution File, Format Version 12.00
# Visual Studio 15
VisualStudioVersion = 15.0.28307.271
MinimumVisualStudioVersion = 10.0.40219.1
Project("{FAE04EC0-301F-11D3-BF4B-00C04F79EFBC}") = "uri1067", "uri1067\uri1067.csproj", "{56243978-DBB7-490F-A59B-B45B3FF64F7C}"
EndProject
Global
	GlobalSection(SolutionConfigurationPlatforms) = preSolution
		Debug|Any CPU = Debug|Any CPU
		Release|Any CPU = Release|Any CPU
	EndGlobalSection
	GlobalSection(ProjectConfigurationPlatforms) = postSolution
		{56243978-DBB7-490F-A59B-B45B3FF64F7C}.Debug|Any CPU.ActiveCfg = Debug|Any CPU
		{56243978-DBB7-490F-A59B-B45B3FF64F7C}.Debug|Any CPU.Build.0 = Debug|Any CPU
		{56243978-DBB7-490F-A59B-B45B3FF64F7C}.Release|Any CPU.ActiveCfg = Release|Any CPU
		{56243978-DBB7-490F-A59B-B45B3FF64F7C}.Release|Any CPU.Build.0 = Release|Any CPU
	EndGlobalSection
	GlobalSection(SolutionProperties) = preSolution
		HideSolutionNode = FALSE
	EndGlobalSection
	GlobalSection(ExtensibilityGlobals) = postSolution
		SolutionGuid = {C1255AF9-0D51-4D5B-BB21-B0CC0B42A16C}
	EndGlobalSection
EndGlobal
