
Microsoft Visual Studio Solution File, Format Version 12.00
# Visual Studio 15
VisualStudioVersion = 15.0.28307.271
MinimumVisualStudioVersion = 10.0.40219.1
Project("{FAE04EC0-301F-11D3-BF4B-00C04F79EFBC}") = "uri1075", "uri1075\uri1075.csproj", "{73EBE507-5AB2-4E2C-B45A-B09B3E4D32FD}"
EndProject
Global
	GlobalSection(SolutionConfigurationPlatforms) = preSolution
		Debug|Any CPU = Debug|Any CPU
		Release|Any CPU = Release|Any CPU
	EndGlobalSection
	GlobalSection(ProjectConfigurationPlatforms) = postSolution
		{73EBE507-5AB2-4E2C-B45A-B09B3E4D32FD}.Debug|Any CPU.ActiveCfg = Debug|Any CPU
		{73EBE507-5AB2-4E2C-B45A-B09B3E4D32FD}.Debug|Any CPU.Build.0 = Debug|Any CPU
		{73EBE507-5AB2-4E2C-B45A-B09B3E4D32FD}.Release|Any CPU.ActiveCfg = Release|Any CPU
		{73EBE507-5AB2-4E2C-B45A-B09B3E4D32FD}.Release|Any CPU.Build.0 = Release|Any CPU
	EndGlobalSection
	GlobalSection(SolutionProperties) = preSolution
		HideSolutionNode = FALSE
	EndGlobalSection
	GlobalSection(ExtensibilityGlobals) = postSolution
		SolutionGuid = {37D0B851-F94D-4062-B1B3-317DD987E90D}
	EndGlobalSection
EndGlobal
