
Microsoft Visual Studio Solution File, Format Version 12.00
# Visual Studio 15
VisualStudioVersion = 15.0.28307.271
MinimumVisualStudioVersion = 10.0.40219.1
Project("{FAE04EC0-301F-11D3-BF4B-00C04F79EFBC}") = "celciusParaFareheint", "celciusParaFareheint\celciusParaFareheint.csproj", "{318AB3C3-2AB3-471C-A281-DE8DB73DDFBA}"
EndProject
Global
	GlobalSection(SolutionConfigurationPlatforms) = preSolution
		Debug|Any CPU = Debug|Any CPU
		Release|Any CPU = Release|Any CPU
	EndGlobalSection
	GlobalSection(ProjectConfigurationPlatforms) = postSolution
		{318AB3C3-2AB3-471C-A281-DE8DB73DDFBA}.Debug|Any CPU.ActiveCfg = Debug|Any CPU
		{318AB3C3-2AB3-471C-A281-DE8DB73DDFBA}.Debug|Any CPU.Build.0 = Debug|Any CPU
		{318AB3C3-2AB3-471C-A281-DE8DB73DDFBA}.Release|Any CPU.ActiveCfg = Release|Any CPU
		{318AB3C3-2AB3-471C-A281-DE8DB73DDFBA}.Release|Any CPU.Build.0 = Release|Any CPU
	EndGlobalSection
	GlobalSection(SolutionProperties) = preSolution
		HideSolutionNode = FALSE
	EndGlobalSection
	GlobalSection(ExtensibilityGlobals) = postSolution
		SolutionGuid = {46EA37D8-1431-4E0E-B105-45F220113371}
	EndGlobalSection
EndGlobal
