
Microsoft Visual Studio Solution File, Format Version 12.00
# Visual Studio 15
VisualStudioVersion = 15.0.27703.2042
MinimumVisualStudioVersion = 10.0.40219.1
Project("{FAE04EC0-301F-11D3-BF4B-00C04F79EFBC}") = "uri1048", "uri1048\uri1048.csproj", "{DD224F8D-9953-4EBB-A5D3-657B3005933A}"
EndProject
Global
	GlobalSection(SolutionConfigurationPlatforms) = preSolution
		Debug|Any CPU = Debug|Any CPU
		Release|Any CPU = Release|Any CPU
	EndGlobalSection
	GlobalSection(ProjectConfigurationPlatforms) = postSolution
		{DD224F8D-9953-4EBB-A5D3-657B3005933A}.Debug|Any CPU.ActiveCfg = Debug|Any CPU
		{DD224F8D-9953-4EBB-A5D3-657B3005933A}.Debug|Any CPU.Build.0 = Debug|Any CPU
		{DD224F8D-9953-4EBB-A5D3-657B3005933A}.Release|Any CPU.ActiveCfg = Release|Any CPU
		{DD224F8D-9953-4EBB-A5D3-657B3005933A}.Release|Any CPU.Build.0 = Release|Any CPU
	EndGlobalSection
	GlobalSection(SolutionProperties) = preSolution
		HideSolutionNode = FALSE
	EndGlobalSection
	GlobalSection(ExtensibilityGlobals) = postSolution
		SolutionGuid = {F660B545-8A9F-45C9-A91F-BAFF7E97F162}
	EndGlobalSection
EndGlobal
