
Microsoft Visual Studio Solution File, Format Version 12.00
# Visual Studio 15
VisualStudioVersion = 15.0.27703.2042
MinimumVisualStudioVersion = 10.0.40219.1
Project("{FAE04EC0-301F-11D3-BF4B-00C04F79EFBC}") = "uri1036_baskara", "uri1036_baskara\uri1036_baskara.csproj", "{104D705C-BC1D-4849-ABA6-9FDADADAB94D}"
EndProject
Global
	GlobalSection(SolutionConfigurationPlatforms) = preSolution
		Debug|Any CPU = Debug|Any CPU
		Release|Any CPU = Release|Any CPU
	EndGlobalSection
	GlobalSection(ProjectConfigurationPlatforms) = postSolution
		{104D705C-BC1D-4849-ABA6-9FDADADAB94D}.Debug|Any CPU.ActiveCfg = Debug|Any CPU
		{104D705C-BC1D-4849-ABA6-9FDADADAB94D}.Debug|Any CPU.Build.0 = Debug|Any CPU
		{104D705C-BC1D-4849-ABA6-9FDADADAB94D}.Release|Any CPU.ActiveCfg = Release|Any CPU
		{104D705C-BC1D-4849-ABA6-9FDADADAB94D}.Release|Any CPU.Build.0 = Release|Any CPU
	EndGlobalSection
	GlobalSection(SolutionProperties) = preSolution
		HideSolutionNode = FALSE
	EndGlobalSection
	GlobalSection(ExtensibilityGlobals) = postSolution
		SolutionGuid = {36FEF54A-190D-415A-B018-D30EAE10836B}
	EndGlobalSection
EndGlobal
