
Microsoft Visual Studio Solution File, Format Version 12.00
# Visual Studio 15
VisualStudioVersion = 15.0.27703.2042
MinimumVisualStudioVersion = 10.0.40219.1
Project("{FAE04EC0-301F-11D3-BF4B-00C04F79EFBC}") = "uri1037", "uri1037\uri1037.csproj", "{836755E7-6BA8-49E7-9452-EB8038895601}"
EndProject
Global
	GlobalSection(SolutionConfigurationPlatforms) = preSolution
		Debug|Any CPU = Debug|Any CPU
		Release|Any CPU = Release|Any CPU
	EndGlobalSection
	GlobalSection(ProjectConfigurationPlatforms) = postSolution
		{836755E7-6BA8-49E7-9452-EB8038895601}.Debug|Any CPU.ActiveCfg = Debug|Any CPU
		{836755E7-6BA8-49E7-9452-EB8038895601}.Debug|Any CPU.Build.0 = Debug|Any CPU
		{836755E7-6BA8-49E7-9452-EB8038895601}.Release|Any CPU.ActiveCfg = Release|Any CPU
		{836755E7-6BA8-49E7-9452-EB8038895601}.Release|Any CPU.Build.0 = Release|Any CPU
	EndGlobalSection
	GlobalSection(SolutionProperties) = preSolution
		HideSolutionNode = FALSE
	EndGlobalSection
	GlobalSection(ExtensibilityGlobals) = postSolution
		SolutionGuid = {ABFA3D67-348A-4C81-A7D7-9603A9DB8253}
	EndGlobalSection
EndGlobal
