
Microsoft Visual Studio Solution File, Format Version 12.00
# Visual Studio 15
VisualStudioVersion = 15.0.28307.757
MinimumVisualStudioVersion = 10.0.40219.1
Project("{FAE04EC0-301F-11D3-BF4B-00C04F79EFBC}") = "areaDeDoisTriangulos_semOO", "areaDeDoisTriangulos_semOO\areaDeDoisTriangulos_semOO.csproj", "{D1D0E16D-A859-493F-AC5E-3EA3C88972AC}"
EndProject
Global
	GlobalSection(SolutionConfigurationPlatforms) = preSolution
		Debug|Any CPU = Debug|Any CPU
		Release|Any CPU = Release|Any CPU
	EndGlobalSection
	GlobalSection(ProjectConfigurationPlatforms) = postSolution
		{D1D0E16D-A859-493F-AC5E-3EA3C88972AC}.Debug|Any CPU.ActiveCfg = Debug|Any CPU
		{D1D0E16D-A859-493F-AC5E-3EA3C88972AC}.Debug|Any CPU.Build.0 = Debug|Any CPU
		{D1D0E16D-A859-493F-AC5E-3EA3C88972AC}.Release|Any CPU.ActiveCfg = Release|Any CPU
		{D1D0E16D-A859-493F-AC5E-3EA3C88972AC}.Release|Any CPU.Build.0 = Release|Any CPU
	EndGlobalSection
	GlobalSection(SolutionProperties) = preSolution
		HideSolutionNode = FALSE
	EndGlobalSection
	GlobalSection(ExtensibilityGlobals) = postSolution
		SolutionGuid = {1890ED69-97AD-4AF0-9AAB-343E09E4F25F}
	EndGlobalSection
EndGlobal
