
Microsoft Visual Studio Solution File, Format Version 12.00
# Visual Studio 15
VisualStudioVersion = 15.0.28307.271
MinimumVisualStudioVersion = 10.0.40219.1
Project("{FAE04EC0-301F-11D3-BF4B-00C04F79EFBC}") = "exer2", "exer2\exer2.csproj", "{80F748EC-68A4-40DC-BE2B-83713CED59CD}"
EndProject
Global
	GlobalSection(SolutionConfigurationPlatforms) = preSolution
		Debug|Any CPU = Debug|Any CPU
		Release|Any CPU = Release|Any CPU
	EndGlobalSection
	GlobalSection(ProjectConfigurationPlatforms) = postSolution
		{80F748EC-68A4-40DC-BE2B-83713CED59CD}.Debug|Any CPU.ActiveCfg = Debug|Any CPU
		{80F748EC-68A4-40DC-BE2B-83713CED59CD}.Debug|Any CPU.Build.0 = Debug|Any CPU
		{80F748EC-68A4-40DC-BE2B-83713CED59CD}.Release|Any CPU.ActiveCfg = Release|Any CPU
		{80F748EC-68A4-40DC-BE2B-83713CED59CD}.Release|Any CPU.Build.0 = Release|Any CPU
	EndGlobalSection
	GlobalSection(SolutionProperties) = preSolution
		HideSolutionNode = FALSE
	EndGlobalSection
	GlobalSection(ExtensibilityGlobals) = postSolution
		SolutionGuid = {62B951CD-2C66-44EA-BD5A-6AF631B5072D}
	EndGlobalSection
EndGlobal
