
Microsoft Visual Studio Solution File, Format Version 12.00
# Visual Studio 15
VisualStudioVersion = 15.0.27703.2042
MinimumVisualStudioVersion = 10.0.40219.1
Project("{FAE04EC0-301F-11D3-BF4B-00C04F79EFBC}") = "uri1035 teste", "uri1035 teste\uri1035 teste.csproj", "{1F5B9505-54D5-453E-9A0F-2AC5E0413997}"
EndProject
Global
	GlobalSection(SolutionConfigurationPlatforms) = preSolution
		Debug|Any CPU = Debug|Any CPU
		Release|Any CPU = Release|Any CPU
	EndGlobalSection
	GlobalSection(ProjectConfigurationPlatforms) = postSolution
		{1F5B9505-54D5-453E-9A0F-2AC5E0413997}.Debug|Any CPU.ActiveCfg = Debug|Any CPU
		{1F5B9505-54D5-453E-9A0F-2AC5E0413997}.Debug|Any CPU.Build.0 = Debug|Any CPU
		{1F5B9505-54D5-453E-9A0F-2AC5E0413997}.Release|Any CPU.ActiveCfg = Release|Any CPU
		{1F5B9505-54D5-453E-9A0F-2AC5E0413997}.Release|Any CPU.Build.0 = Release|Any CPU
	EndGlobalSection
	GlobalSection(SolutionProperties) = preSolution
		HideSolutionNode = FALSE
	EndGlobalSection
	GlobalSection(ExtensibilityGlobals) = postSolution
		SolutionGuid = {72AD5C13-508E-49B2-BE97-7EB10FAD9B29}
	EndGlobalSection
EndGlobal
