
Microsoft Visual Studio Solution File, Format Version 12.00
# Visual Studio 15
VisualStudioVersion = 15.0.27703.2042
MinimumVisualStudioVersion = 10.0.40219.1
Project("{FAE04EC0-301F-11D3-BF4B-00C04F79EFBC}") = "uri1049", "uri1049\uri1049.csproj", "{04937484-31E5-4308-8B1B-B73B06D9914D}"
EndProject
Global
	GlobalSection(SolutionConfigurationPlatforms) = preSolution
		Debug|Any CPU = Debug|Any CPU
		Release|Any CPU = Release|Any CPU
	EndGlobalSection
	GlobalSection(ProjectConfigurationPlatforms) = postSolution
		{04937484-31E5-4308-8B1B-B73B06D9914D}.Debug|Any CPU.ActiveCfg = Debug|Any CPU
		{04937484-31E5-4308-8B1B-B73B06D9914D}.Debug|Any CPU.Build.0 = Debug|Any CPU
		{04937484-31E5-4308-8B1B-B73B06D9914D}.Release|Any CPU.ActiveCfg = Release|Any CPU
		{04937484-31E5-4308-8B1B-B73B06D9914D}.Release|Any CPU.Build.0 = Release|Any CPU
	EndGlobalSection
	GlobalSection(SolutionProperties) = preSolution
		HideSolutionNode = FALSE
	EndGlobalSection
	GlobalSection(ExtensibilityGlobals) = postSolution
		SolutionGuid = {6610E93D-8183-4A93-AF96-2C0AB4C81436}
	EndGlobalSection
EndGlobal
