
Microsoft Visual Studio Solution File, Format Version 12.00
# Visual Studio 15
VisualStudioVersion = 15.0.28307.757
MinimumVisualStudioVersion = 10.0.40219.1
Project("{FAE04EC0-301F-11D3-BF4B-00C04F79EFBC}") = "cotacaoDolar", "cotacaoDolar\cotacaoDolar.csproj", "{5EF10674-FF10-44C8-B858-B329D1B627F9}"
EndProject
Global
	GlobalSection(SolutionConfigurationPlatforms) = preSolution
		Debug|Any CPU = Debug|Any CPU
		Release|Any CPU = Release|Any CPU
	EndGlobalSection
	GlobalSection(ProjectConfigurationPlatforms) = postSolution
		{5EF10674-FF10-44C8-B858-B329D1B627F9}.Debug|Any CPU.ActiveCfg = Debug|Any CPU
		{5EF10674-FF10-44C8-B858-B329D1B627F9}.Debug|Any CPU.Build.0 = Debug|Any CPU
		{5EF10674-FF10-44C8-B858-B329D1B627F9}.Release|Any CPU.ActiveCfg = Release|Any CPU
		{5EF10674-FF10-44C8-B858-B329D1B627F9}.Release|Any CPU.Build.0 = Release|Any CPU
	EndGlobalSection
	GlobalSection(SolutionProperties) = preSolution
		HideSolutionNode = FALSE
	EndGlobalSection
	GlobalSection(ExtensibilityGlobals) = postSolution
		SolutionGuid = {A888909B-8BF5-438F-A52E-96A1D4532BC0}
	EndGlobalSection
EndGlobal
