
Microsoft Visual Studio Solution File, Format Version 12.00
# Visual Studio 15
VisualStudioVersion = 15.0.28307.757
MinimumVisualStudioVersion = 10.0.40219.1
Project("{FAE04EC0-301F-11D3-BF4B-00C04F79EFBC}") = "funcionarioAumentoSalario", "funcionarioAumentoSalario\funcionarioAumentoSalario.csproj", "{10E2C6ED-FBF5-4776-804D-E0D2DD5357EC}"
EndProject
Global
	GlobalSection(SolutionConfigurationPlatforms) = preSolution
		Debug|Any CPU = Debug|Any CPU
		Release|Any CPU = Release|Any CPU
	EndGlobalSection
	GlobalSection(ProjectConfigurationPlatforms) = postSolution
		{10E2C6ED-FBF5-4776-804D-E0D2DD5357EC}.Debug|Any CPU.ActiveCfg = Debug|Any CPU
		{10E2C6ED-FBF5-4776-804D-E0D2DD5357EC}.Debug|Any CPU.Build.0 = Debug|Any CPU
		{10E2C6ED-FBF5-4776-804D-E0D2DD5357EC}.Release|Any CPU.ActiveCfg = Release|Any CPU
		{10E2C6ED-FBF5-4776-804D-E0D2DD5357EC}.Release|Any CPU.Build.0 = Release|Any CPU
	EndGlobalSection
	GlobalSection(SolutionProperties) = preSolution
		HideSolutionNode = FALSE
	EndGlobalSection
	GlobalSection(ExtensibilityGlobals) = postSolution
		SolutionGuid = {9BAD9E4E-0947-4061-A468-B27F322AE3E4}
	EndGlobalSection
EndGlobal
