
Microsoft Visual Studio Solution File, Format Version 12.00
# Visual Studio 15
VisualStudioVersion = 15.0.28307.271
MinimumVisualStudioVersion = 10.0.40219.1
Project("{FAE04EC0-301F-11D3-BF4B-00C04F79EFBC}") = "exer6", "exer6\exer6.csproj", "{72466135-FD22-42A4-B2A2-60E98B18C538}"
EndProject
Global
	GlobalSection(SolutionConfigurationPlatforms) = preSolution
		Debug|Any CPU = Debug|Any CPU
		Release|Any CPU = Release|Any CPU
	EndGlobalSection
	GlobalSection(ProjectConfigurationPlatforms) = postSolution
		{72466135-FD22-42A4-B2A2-60E98B18C538}.Debug|Any CPU.ActiveCfg = Debug|Any CPU
		{72466135-FD22-42A4-B2A2-60E98B18C538}.Debug|Any CPU.Build.0 = Debug|Any CPU
		{72466135-FD22-42A4-B2A2-60E98B18C538}.Release|Any CPU.ActiveCfg = Release|Any CPU
		{72466135-FD22-42A4-B2A2-60E98B18C538}.Release|Any CPU.Build.0 = Release|Any CPU
	EndGlobalSection
	GlobalSection(SolutionProperties) = preSolution
		HideSolutionNode = FALSE
	EndGlobalSection
	GlobalSection(ExtensibilityGlobals) = postSolution
		SolutionGuid = {7810876C-E38C-4D93-B543-2E00824424D1}
	EndGlobalSection
EndGlobal
