
Microsoft Visual Studio Solution File, Format Version 12.00
# Visual Studio 15
VisualStudioVersion = 15.0.28307.271
MinimumVisualStudioVersion = 10.0.40219.1
Project("{FAE04EC0-301F-11D3-BF4B-00C04F79EFBC}") = "uri1131", "uri1131\uri1131.csproj", "{9BFE69F3-5BFE-4CA7-BA76-1E6EED095958}"
EndProject
Global
	GlobalSection(SolutionConfigurationPlatforms) = preSolution
		Debug|Any CPU = Debug|Any CPU
		Release|Any CPU = Release|Any CPU
	EndGlobalSection
	GlobalSection(ProjectConfigurationPlatforms) = postSolution
		{9BFE69F3-5BFE-4CA7-BA76-1E6EED095958}.Debug|Any CPU.ActiveCfg = Debug|Any CPU
		{9BFE69F3-5BFE-4CA7-BA76-1E6EED095958}.Debug|Any CPU.Build.0 = Debug|Any CPU
		{9BFE69F3-5BFE-4CA7-BA76-1E6EED095958}.Release|Any CPU.ActiveCfg = Release|Any CPU
		{9BFE69F3-5BFE-4CA7-BA76-1E6EED095958}.Release|Any CPU.Build.0 = Release|Any CPU
	EndGlobalSection
	GlobalSection(SolutionProperties) = preSolution
		HideSolutionNode = FALSE
	EndGlobalSection
	GlobalSection(ExtensibilityGlobals) = postSolution
		SolutionGuid = {3E092D00-C6AC-4636-8A28-51B6E0A8FC7E}
	EndGlobalSection
EndGlobal
