
Microsoft Visual Studio Solution File, Format Version 12.00
# Visual Studio 15
VisualStudioVersion = 15.0.27428.2043
MinimumVisualStudioVersion = 10.0.40219.1
Project("{FAE04EC0-301F-11D3-BF4B-00C04F79EFBC}") = "consumocarro", "consumocarro\consumocarro.csproj", "{72B633E1-2554-4C02-A6D7-716C3EDFFEDC}"
EndProject
Global
	GlobalSection(SolutionConfigurationPlatforms) = preSolution
		Debug|Any CPU = Debug|Any CPU
		Release|Any CPU = Release|Any CPU
	EndGlobalSection
	GlobalSection(ProjectConfigurationPlatforms) = postSolution
		{72B633E1-2554-4C02-A6D7-716C3EDFFEDC}.Debug|Any CPU.ActiveCfg = Debug|Any CPU
		{72B633E1-2554-4C02-A6D7-716C3EDFFEDC}.Debug|Any CPU.Build.0 = Debug|Any CPU
		{72B633E1-2554-4C02-A6D7-716C3EDFFEDC}.Release|Any CPU.ActiveCfg = Release|Any CPU
		{72B633E1-2554-4C02-A6D7-716C3EDFFEDC}.Release|Any CPU.Build.0 = Release|Any CPU
	EndGlobalSection
	GlobalSection(SolutionProperties) = preSolution
		HideSolutionNode = FALSE
	EndGlobalSection
	GlobalSection(ExtensibilityGlobals) = postSolution
		SolutionGuid = {899945C0-923C-4212-B460-81FFCBD0EAE6}
	EndGlobalSection
EndGlobal
