
Microsoft Visual Studio Solution File, Format Version 12.00
# Visual Studio 15
VisualStudioVersion = 15.0.27428.2043
MinimumVisualStudioVersion = 10.0.40219.1
Project("{FAE04EC0-301F-11D3-BF4B-00C04F79EFBC}") = "TotalPagar2prod_vet", "TotalPagar2prod\TotalPagar2prod_vet.csproj", "{34AD4D41-EA5F-4D02-AAFF-770F04AE38B0}"
EndProject
Global
	GlobalSection(SolutionConfigurationPlatforms) = preSolution
		Debug|Any CPU = Debug|Any CPU
		Release|Any CPU = Release|Any CPU
	EndGlobalSection
	GlobalSection(ProjectConfigurationPlatforms) = postSolution
		{34AD4D41-EA5F-4D02-AAFF-770F04AE38B0}.Debug|Any CPU.ActiveCfg = Debug|Any CPU
		{34AD4D41-EA5F-4D02-AAFF-770F04AE38B0}.Debug|Any CPU.Build.0 = Debug|Any CPU
		{34AD4D41-EA5F-4D02-AAFF-770F04AE38B0}.Release|Any CPU.ActiveCfg = Release|Any CPU
		{34AD4D41-EA5F-4D02-AAFF-770F04AE38B0}.Release|Any CPU.Build.0 = Release|Any CPU
	EndGlobalSection
	GlobalSection(SolutionProperties) = preSolution
		HideSolutionNode = FALSE
	EndGlobalSection
	GlobalSection(ExtensibilityGlobals) = postSolution
		SolutionGuid = {08446BF9-7922-4D73-B7DC-0A1E20599333}
	EndGlobalSection
EndGlobal
