
Microsoft Visual Studio Solution File, Format Version 12.00
# Visual Studio 15
VisualStudioVersion = 15.0.27703.2042
MinimumVisualStudioVersion = 10.0.40219.1
Project("{FAE04EC0-301F-11D3-BF4B-00C04F79EFBC}") = "uri1038", "uri1038\uri1038.csproj", "{5955B6E4-DF7F-499A-97E4-D6759F3E8089}"
EndProject
Global
	GlobalSection(SolutionConfigurationPlatforms) = preSolution
		Debug|Any CPU = Debug|Any CPU
		Release|Any CPU = Release|Any CPU
	EndGlobalSection
	GlobalSection(ProjectConfigurationPlatforms) = postSolution
		{5955B6E4-DF7F-499A-97E4-D6759F3E8089}.Debug|Any CPU.ActiveCfg = Debug|Any CPU
		{5955B6E4-DF7F-499A-97E4-D6759F3E8089}.Debug|Any CPU.Build.0 = Debug|Any CPU
		{5955B6E4-DF7F-499A-97E4-D6759F3E8089}.Release|Any CPU.ActiveCfg = Release|Any CPU
		{5955B6E4-DF7F-499A-97E4-D6759F3E8089}.Release|Any CPU.Build.0 = Release|Any CPU
	EndGlobalSection
	GlobalSection(SolutionProperties) = preSolution
		HideSolutionNode = FALSE
	EndGlobalSection
	GlobalSection(ExtensibilityGlobals) = postSolution
		SolutionGuid = {A9310E1B-EBC9-4ACC-9F8A-AEE1A5DFE981}
	EndGlobalSection
EndGlobal
