
Microsoft Visual Studio Solution File, Format Version 12.00
# Visual Studio 15
VisualStudioVersion = 15.0.28307.271
MinimumVisualStudioVersion = 10.0.40219.1
Project("{FAE04EC0-301F-11D3-BF4B-00C04F79EFBC}") = "uri1156", "uri1156\uri1156.csproj", "{1CEF0930-E62C-433C-A2B4-4EC8215870F5}"
EndProject
Global
	GlobalSection(SolutionConfigurationPlatforms) = preSolution
		Debug|Any CPU = Debug|Any CPU
		Release|Any CPU = Release|Any CPU
	EndGlobalSection
	GlobalSection(ProjectConfigurationPlatforms) = postSolution
		{1CEF0930-E62C-433C-A2B4-4EC8215870F5}.Debug|Any CPU.ActiveCfg = Debug|Any CPU
		{1CEF0930-E62C-433C-A2B4-4EC8215870F5}.Debug|Any CPU.Build.0 = Debug|Any CPU
		{1CEF0930-E62C-433C-A2B4-4EC8215870F5}.Release|Any CPU.ActiveCfg = Release|Any CPU
		{1CEF0930-E62C-433C-A2B4-4EC8215870F5}.Release|Any CPU.Build.0 = Release|Any CPU
	EndGlobalSection
	GlobalSection(SolutionProperties) = preSolution
		HideSolutionNode = FALSE
	EndGlobalSection
	GlobalSection(ExtensibilityGlobals) = postSolution
		SolutionGuid = {7F621C08-AA35-471F-9097-072895FBBE75}
	EndGlobalSection
EndGlobal
