
Microsoft Visual Studio Solution File, Format Version 12.00
# Visual Studio 15
VisualStudioVersion = 15.0.28307.271
MinimumVisualStudioVersion = 10.0.40219.1
Project("{FAE04EC0-301F-11D3-BF4B-00C04F79EFBC}") = "exer6lista_torreXadrez", "exer6lista_torreXadrez\exer6lista_torreXadrez.csproj", "{95004A62-4F44-4681-805E-EBD3E9E9BF31}"
EndProject
Global
	GlobalSection(SolutionConfigurationPlatforms) = preSolution
		Debug|Any CPU = Debug|Any CPU
		Release|Any CPU = Release|Any CPU
	EndGlobalSection
	GlobalSection(ProjectConfigurationPlatforms) = postSolution
		{95004A62-4F44-4681-805E-EBD3E9E9BF31}.Debug|Any CPU.ActiveCfg = Debug|Any CPU
		{95004A62-4F44-4681-805E-EBD3E9E9BF31}.Debug|Any CPU.Build.0 = Debug|Any CPU
		{95004A62-4F44-4681-805E-EBD3E9E9BF31}.Release|Any CPU.ActiveCfg = Release|Any CPU
		{95004A62-4F44-4681-805E-EBD3E9E9BF31}.Release|Any CPU.Build.0 = Release|Any CPU
	EndGlobalSection
	GlobalSection(SolutionProperties) = preSolution
		HideSolutionNode = FALSE
	EndGlobalSection
	GlobalSection(ExtensibilityGlobals) = postSolution
		SolutionGuid = {E02CB6A3-4044-4003-BDBE-CCACDF078385}
	EndGlobalSection
EndGlobal
