
Microsoft Visual Studio Solution File, Format Version 12.00
# Visual Studio 15
VisualStudioVersion = 15.0.28307.271
MinimumVisualStudioVersion = 10.0.40219.1
Project("{FAE04EC0-301F-11D3-BF4B-00C04F79EFBC}") = "exemplo2", "exemplo2\exemplo2.csproj", "{49A2AAFB-8691-44F7-8847-21676D51461A}"
EndProject
Global
	GlobalSection(SolutionConfigurationPlatforms) = preSolution
		Debug|Any CPU = Debug|Any CPU
		Release|Any CPU = Release|Any CPU
	EndGlobalSection
	GlobalSection(ProjectConfigurationPlatforms) = postSolution
		{49A2AAFB-8691-44F7-8847-21676D51461A}.Debug|Any CPU.ActiveCfg = Debug|Any CPU
		{49A2AAFB-8691-44F7-8847-21676D51461A}.Debug|Any CPU.Build.0 = Debug|Any CPU
		{49A2AAFB-8691-44F7-8847-21676D51461A}.Release|Any CPU.ActiveCfg = Release|Any CPU
		{49A2AAFB-8691-44F7-8847-21676D51461A}.Release|Any CPU.Build.0 = Release|Any CPU
	EndGlobalSection
	GlobalSection(SolutionProperties) = preSolution
		HideSolutionNode = FALSE
	EndGlobalSection
	GlobalSection(ExtensibilityGlobals) = postSolution
		SolutionGuid = {CFA2D9AA-BE63-4E62-A7DA-DAC6210629B6}
	EndGlobalSection
EndGlobal
