
Microsoft Visual Studio Solution File, Format Version 12.00
# Visual Studio 15
VisualStudioVersion = 15.0.27428.2043
MinimumVisualStudioVersion = 10.0.40219.1
Project("{FAE04EC0-301F-11D3-BF4B-00C04F79EFBC}") = "DiferencaDoproduto", "DiferencaDoproduto\DiferencaDoproduto.csproj", "{B4C9C386-331B-474D-802F-8563E230A68C}"
EndProject
Global
	GlobalSection(SolutionConfigurationPlatforms) = preSolution
		Debug|Any CPU = Debug|Any CPU
		Release|Any CPU = Release|Any CPU
	EndGlobalSection
	GlobalSection(ProjectConfigurationPlatforms) = postSolution
		{B4C9C386-331B-474D-802F-8563E230A68C}.Debug|Any CPU.ActiveCfg = Debug|Any CPU
		{B4C9C386-331B-474D-802F-8563E230A68C}.Debug|Any CPU.Build.0 = Debug|Any CPU
		{B4C9C386-331B-474D-802F-8563E230A68C}.Release|Any CPU.ActiveCfg = Release|Any CPU
		{B4C9C386-331B-474D-802F-8563E230A68C}.Release|Any CPU.Build.0 = Release|Any CPU
	EndGlobalSection
	GlobalSection(SolutionProperties) = preSolution
		HideSolutionNode = FALSE
	EndGlobalSection
	GlobalSection(ExtensibilityGlobals) = postSolution
		SolutionGuid = {65C800B2-15D9-47D7-84AA-52D1F547DBF9}
	EndGlobalSection
EndGlobal
