
Microsoft Visual Studio Solution File, Format Version 12.00
# Visual Studio 15
VisualStudioVersion = 15.0.27703.2042
MinimumVisualStudioVersion = 10.0.40219.1
Project("{FAE04EC0-301F-11D3-BF4B-00C04F79EFBC}") = "1021uri_notasDinheiroComMoedas", "1021uri_notasDinheiroComMoedas\1021uri_notasDinheiroComMoedas.csproj", "{87CFFB32-07AD-48C9-921D-9006EFA28D8B}"
EndProject
Global
	GlobalSection(SolutionConfigurationPlatforms) = preSolution
		Debug|Any CPU = Debug|Any CPU
		Release|Any CPU = Release|Any CPU
	EndGlobalSection
	GlobalSection(ProjectConfigurationPlatforms) = postSolution
		{87CFFB32-07AD-48C9-921D-9006EFA28D8B}.Debug|Any CPU.ActiveCfg = Debug|Any CPU
		{87CFFB32-07AD-48C9-921D-9006EFA28D8B}.Debug|Any CPU.Build.0 = Debug|Any CPU
		{87CFFB32-07AD-48C9-921D-9006EFA28D8B}.Release|Any CPU.ActiveCfg = Release|Any CPU
		{87CFFB32-07AD-48C9-921D-9006EFA28D8B}.Release|Any CPU.Build.0 = Release|Any CPU
	EndGlobalSection
	GlobalSection(SolutionProperties) = preSolution
		HideSolutionNode = FALSE
	EndGlobalSection
	GlobalSection(ExtensibilityGlobals) = postSolution
		SolutionGuid = {3EACF4AE-5EE7-4CF5-8331-1CD914C79A26}
	EndGlobalSection
EndGlobal
